
Microsoft Visual Studio Solution File, Format Version 12.00
# Visual Studio 15
VisualStudioVersion = 15.0.28010.2046
MinimumVisualStudioVersion = 10.0.40219.1
Project("{2150E333-8FDC-42A3-9474-1A3956D46DE8}") = "Avolonia", "Avolonia", "{2E4B15D2-38FE-45C5-9C0D-6ACCD536C480}"
EndProject
Project("{9A19103F-16F7-4668-BE54-9A1E7A4F7556}") = "SignalGoTest.Desktop", "SignalGoTest.Desktop\SignalGoTest.Desktop.csproj", "{DAD5A0DD-9BF7-4EA2-AC5A-BB47EA566B44}"
EndProject
Project("{2150E333-8FDC-42A3-9474-1A3956D46DE8}") = "Libraries", "Libraries", "{454B6CC4-4850-4F51-8BF1-DA5806D7D151}"
EndProject
Project("{9A19103F-16F7-4668-BE54-9A1E7A4F7556}") = "SignalGoTest.ViewModels", "SignalGoTest.ViewModels\SignalGoTest.ViewModels.csproj", "{BE1CD47E-D103-4252-9B61-F184B5A351E4}"
EndProject
Project("{9A19103F-16F7-4668-BE54-9A1E7A4F7556}") = "SignalGoTest.Models", "SignalGoTest.Models\SignalGoTest.Models.csproj", "{7A2E4492-B8AB-4122-8948-1C67F4692E61}"
EndProject
Project("{2150E333-8FDC-42A3-9474-1A3956D46DE8}") = "Components", "Components", "{D1E3BB4F-F610-4687-9D6A-B60F167BB8DE}"
EndProject
Project("{9A19103F-16F7-4668-BE54-9A1E7A4F7556}") = "MvvmGo", "D:\Github\MVVMGo\MvvmGo\MvvmGo\MvvmGo.csproj", "{3086B5CD-6DCE-4C21-9EE0-397906205D4E}"
EndProject
Project("{9A19103F-16F7-4668-BE54-9A1E7A4F7556}") = "SignalGo.Client", "D:\SignalGo\Github\SignalGo-full-net\SignalGo.Client\SignalGo.Client.csproj", "{DA4F99A9-69E4-48F1-8850-5298F7762AB9}"
EndProject
Project("{9A19103F-16F7-4668-BE54-9A1E7A4F7556}") = "SignalGo.Shared", "D:\SignalGo\Github\SignalGo-full-net\SignalGo.Shared\SignalGo.Shared.csproj", "{4EF33042-BFDC-4507-9FCD-15621E572E7F}"
EndProject
Global
	GlobalSection(SolutionConfigurationPlatforms) = preSolution
		Ad-Hoc|Any CPU = Ad-Hoc|Any CPU
		Ad-Hoc|ARM = Ad-Hoc|ARM
		Ad-Hoc|iPhone = Ad-Hoc|iPhone
		Ad-Hoc|iPhoneSimulator = Ad-Hoc|iPhoneSimulator
		Ad-Hoc|x64 = Ad-Hoc|x64
		Ad-Hoc|x86 = Ad-Hoc|x86
		AppStore|Any CPU = AppStore|Any CPU
		AppStore|ARM = AppStore|ARM
		AppStore|iPhone = AppStore|iPhone
		AppStore|iPhoneSimulator = AppStore|iPhoneSimulator
		AppStore|x64 = AppStore|x64
		AppStore|x86 = AppStore|x86
		Debug|Any CPU = Debug|Any CPU
		Debug|ARM = Debug|ARM
		Debug|iPhone = Debug|iPhone
		Debug|iPhoneSimulator = Debug|iPhoneSimulator
		Debug|x64 = Debug|x64
		Debug|x86 = Debug|x86
		Release|Any CPU = Release|Any CPU
		Release|ARM = Release|ARM
		Release|iPhone = Release|iPhone
		Release|iPhoneSimulator = Release|iPhoneSimulator
		Release|x64 = Release|x64
		Release|x86 = Release|x86
	EndGlobalSection
	GlobalSection(ProjectConfigurationPlatforms) = postSolution
		{DAD5A0DD-9BF7-4EA2-AC5A-BB47EA566B44}.Ad-Hoc|Any CPU.ActiveCfg = Debug|Any CPU
		{DAD5A0DD-9BF7-4EA2-AC5A-BB47EA566B44}.Ad-Hoc|Any CPU.Build.0 = Debug|Any CPU
		{DAD5A0DD-9BF7-4EA2-AC5A-BB47EA566B44}.Ad-Hoc|ARM.ActiveCfg = Debug|Any CPU
		{DAD5A0DD-9BF7-4EA2-AC5A-BB47EA566B44}.Ad-Hoc|ARM.Build.0 = Debug|Any CPU
		{DAD5A0DD-9BF7-4EA2-AC5A-BB47EA566B44}.Ad-Hoc|iPhone.ActiveCfg = Debug|Any CPU
		{DAD5A0DD-9BF7-4EA2-AC5A-BB47EA566B44}.Ad-Hoc|iPhone.Build.0 = Debug|Any CPU
		{DAD5A0DD-9BF7-4EA2-AC5A-BB47EA566B44}.Ad-Hoc|iPhoneSimulator.ActiveCfg = Debug|Any CPU
		{DAD5A0DD-9BF7-4EA2-AC5A-BB47EA566B44}.Ad-Hoc|iPhoneSimulator.Build.0 = Debug|Any CPU
		{DAD5A0DD-9BF7-4EA2-AC5A-BB47EA566B44}.Ad-Hoc|x64.ActiveCfg = Debug|Any CPU
		{DAD5A0DD-9BF7-4EA2-AC5A-BB47EA566B44}.Ad-Hoc|x64.Build.0 = Debug|Any CPU
		{DAD5A0DD-9BF7-4EA2-AC5A-BB47EA566B44}.Ad-Hoc|x86.ActiveCfg = Debug|Any CPU
		{DAD5A0DD-9BF7-4EA2-AC5A-BB47EA566B44}.Ad-Hoc|x86.Build.0 = Debug|Any CPU
		{DAD5A0DD-9BF7-4EA2-AC5A-BB47EA566B44}.AppStore|Any CPU.ActiveCfg = Debug|Any CPU
		{DAD5A0DD-9BF7-4EA2-AC5A-BB47EA566B44}.AppStore|Any CPU.Build.0 = Debug|Any CPU
		{DAD5A0DD-9BF7-4EA2-AC5A-BB47EA566B44}.AppStore|ARM.ActiveCfg = Debug|Any CPU
		{DAD5A0DD-9BF7-4EA2-AC5A-BB47EA566B44}.AppStore|ARM.Build.0 = Debug|Any CPU
		{DAD5A0DD-9BF7-4EA2-AC5A-BB47EA566B44}.AppStore|iPhone.ActiveCfg = Debug|Any CPU
		{DAD5A0DD-9BF7-4EA2-AC5A-BB47EA566B44}.AppStore|iPhone.Build.0 = Debug|Any CPU
		{DAD5A0DD-9BF7-4EA2-AC5A-BB47EA566B44}.AppStore|iPhoneSimulator.ActiveCfg = Debug|Any CPU
		{DAD5A0DD-9BF7-4EA2-AC5A-BB47EA566B44}.AppStore|iPhoneSimulator.Build.0 = Debug|Any CPU
		{DAD5A0DD-9BF7-4EA2-AC5A-BB47EA566B44}.AppStore|x64.ActiveCfg = Debug|Any CPU
		{DAD5A0DD-9BF7-4EA2-AC5A-BB47EA566B44}.AppStore|x64.Build.0 = Debug|Any CPU
		{DAD5A0DD-9BF7-4EA2-AC5A-BB47EA566B44}.AppStore|x86.ActiveCfg = Debug|Any CPU
		{DAD5A0DD-9BF7-4EA2-AC5A-BB47EA566B44}.AppStore|x86.Build.0 = Debug|Any CPU
		{DAD5A0DD-9BF7-4EA2-AC5A-BB47EA566B44}.Debug|Any CPU.ActiveCfg = Debug|Any CPU
		{DAD5A0DD-9BF7-4EA2-AC5A-BB47EA566B44}.Debug|Any CPU.Build.0 = Debug|Any CPU
		{DAD5A0DD-9BF7-4EA2-AC5A-BB47EA566B44}.Debug|ARM.ActiveCfg = Debug|Any CPU
		{DAD5A0DD-9BF7-4EA2-AC5A-BB47EA566B44}.Debug|ARM.Build.0 = Debug|Any CPU
		{DAD5A0DD-9BF7-4EA2-AC5A-BB47EA566B44}.Debug|iPhone.ActiveCfg = Debug|Any CPU
		{DAD5A0DD-9BF7-4EA2-AC5A-BB47EA566B44}.Debug|iPhone.Build.0 = Debug|Any CPU
		{DAD5A0DD-9BF7-4EA2-AC5A-BB47EA566B44}.Debug|iPhoneSimulator.ActiveCfg = Debug|Any CPU
		{DAD5A0DD-9BF7-4EA2-AC5A-BB47EA566B44}.Debug|iPhoneSimulator.Build.0 = Debug|Any CPU
		{DAD5A0DD-9BF7-4EA2-AC5A-BB47EA566B44}.Debug|x64.ActiveCfg = Debug|Any CPU
		{DAD5A0DD-9BF7-4EA2-AC5A-BB47EA566B44}.Debug|x64.Build.0 = Debug|Any CPU
		{DAD5A0DD-9BF7-4EA2-AC5A-BB47EA566B44}.Debug|x86.ActiveCfg = Debug|Any CPU
		{DAD5A0DD-9BF7-4EA2-AC5A-BB47EA566B44}.Debug|x86.Build.0 = Debug|Any CPU
		{DAD5A0DD-9BF7-4EA2-AC5A-BB47EA566B44}.Release|Any CPU.ActiveCfg = Release|Any CPU
		{DAD5A0DD-9BF7-4EA2-AC5A-BB47EA566B44}.Release|Any CPU.Build.0 = Release|Any CPU
		{DAD5A0DD-9BF7-4EA2-AC5A-BB47EA566B44}.Release|ARM.ActiveCfg = Release|Any CPU
		{DAD5A0DD-9BF7-4EA2-AC5A-BB47EA566B44}.Release|ARM.Build.0 = Release|Any CPU
		{DAD5A0DD-9BF7-4EA2-AC5A-BB47EA566B44}.Release|iPhone.ActiveCfg = Release|Any CPU
		{DAD5A0DD-9BF7-4EA2-AC5A-BB47EA566B44}.Release|iPhone.Build.0 = Release|Any CPU
		{DAD5A0DD-9BF7-4EA2-AC5A-BB47EA566B44}.Release|iPhoneSimulator.ActiveCfg = Release|Any CPU
		{DAD5A0DD-9BF7-4EA2-AC5A-BB47EA566B44}.Release|iPhoneSimulator.Build.0 = Release|Any CPU
		{DAD5A0DD-9BF7-4EA2-AC5A-BB47EA566B44}.Release|x64.ActiveCfg = Release|Any CPU
		{DAD5A0DD-9BF7-4EA2-AC5A-BB47EA566B44}.Release|x64.Build.0 = Release|Any CPU
		{DAD5A0DD-9BF7-4EA2-AC5A-BB47EA566B44}.Release|x86.ActiveCfg = Release|Any CPU
		{DAD5A0DD-9BF7-4EA2-AC5A-BB47EA566B44}.Release|x86.Build.0 = Release|Any CPU
		{BE1CD47E-D103-4252-9B61-F184B5A351E4}.Ad-Hoc|Any CPU.ActiveCfg = Debug|Any CPU
		{BE1CD47E-D103-4252-9B61-F184B5A351E4}.Ad-Hoc|Any CPU.Build.0 = Debug|Any CPU
		{BE1CD47E-D103-4252-9B61-F184B5A351E4}.Ad-Hoc|ARM.ActiveCfg = Debug|Any CPU
		{BE1CD47E-D103-4252-9B61-F184B5A351E4}.Ad-Hoc|ARM.Build.0 = Debug|Any CPU
		{BE1CD47E-D103-4252-9B61-F184B5A351E4}.Ad-Hoc|iPhone.ActiveCfg = Debug|Any CPU
		{BE1CD47E-D103-4252-9B61-F184B5A351E4}.Ad-Hoc|iPhone.Build.0 = Debug|Any CPU
		{BE1CD47E-D103-4252-9B61-F184B5A351E4}.Ad-Hoc|iPhoneSimulator.ActiveCfg = Debug|Any CPU
		{BE1CD47E-D103-4252-9B61-F184B5A351E4}.Ad-Hoc|iPhoneSimulator.Build.0 = Debug|Any CPU
		{BE1CD47E-D103-4252-9B61-F184B5A351E4}.Ad-Hoc|x64.ActiveCfg = Debug|Any CPU
		{BE1CD47E-D103-4252-9B61-F184B5A351E4}.Ad-Hoc|x64.Build.0 = Debug|Any CPU
		{BE1CD47E-D103-4252-9B61-F184B5A351E4}.Ad-Hoc|x86.ActiveCfg = Debug|Any CPU
		{BE1CD47E-D103-4252-9B61-F184B5A351E4}.Ad-Hoc|x86.Build.0 = Debug|Any CPU
		{BE1CD47E-D103-4252-9B61-F184B5A351E4}.AppStore|Any CPU.ActiveCfg = Debug|Any CPU
		{BE1CD47E-D103-4252-9B61-F184B5A351E4}.AppStore|Any CPU.Build.0 = Debug|Any CPU
		{BE1CD47E-D103-4252-9B61-F184B5A351E4}.AppStore|ARM.ActiveCfg = Debug|Any CPU
		{BE1CD47E-D103-4252-9B61-F184B5A351E4}.AppStore|ARM.Build.0 = Debug|Any CPU
		{BE1CD47E-D103-4252-9B61-F184B5A351E4}.AppStore|iPhone.ActiveCfg = Debug|Any CPU
		{BE1CD47E-D103-4252-9B61-F184B5A351E4}.AppStore|iPhone.Build.0 = Debug|Any CPU
		{BE1CD47E-D103-4252-9B61-F184B5A351E4}.AppStore|iPhoneSimulator.ActiveCfg = Debug|Any CPU
		{BE1CD47E-D103-4252-9B61-F184B5A351E4}.AppStore|iPhoneSimulator.Build.0 = Debug|Any CPU
		{BE1CD47E-D103-4252-9B61-F184B5A351E4}.AppStore|x64.ActiveCfg = Debug|Any CPU
		{BE1CD47E-D103-4252-9B61-F184B5A351E4}.AppStore|x64.Build.0 = Debug|Any CPU
		{BE1CD47E-D103-4252-9B61-F184B5A351E4}.AppStore|x86.ActiveCfg = Debug|Any CPU
		{BE1CD47E-D103-4252-9B61-F184B5A351E4}.AppStore|x86.Build.0 = Debug|Any CPU
		{BE1CD47E-D103-4252-9B61-F184B5A351E4}.Debug|Any CPU.ActiveCfg = Debug|Any CPU
		{BE1CD47E-D103-4252-9B61-F184B5A351E4}.Debug|Any CPU.Build.0 = Debug|Any CPU
		{BE1CD47E-D103-4252-9B61-F184B5A351E4}.Debug|ARM.ActiveCfg = Debug|Any CPU
		{BE1CD47E-D103-4252-9B61-F184B5A351E4}.Debug|ARM.Build.0 = Debug|Any CPU
		{BE1CD47E-D103-4252-9B61-F184B5A351E4}.Debug|iPhone.ActiveCfg = Debug|Any CPU
		{BE1CD47E-D103-4252-9B61-F184B5A351E4}.Debug|iPhone.Build.0 = Debug|Any CPU
		{BE1CD47E-D103-4252-9B61-F184B5A351E4}.Debug|iPhoneSimulator.ActiveCfg = Debug|Any CPU
		{BE1CD47E-D103-4252-9B61-F184B5A351E4}.Debug|iPhoneSimulator.Build.0 = Debug|Any CPU
		{BE1CD47E-D103-4252-9B61-F184B5A351E4}.Debug|x64.ActiveCfg = Debug|Any CPU
		{BE1CD47E-D103-4252-9B61-F184B5A351E4}.Debug|x64.Build.0 = Debug|Any CPU
		{BE1CD47E-D103-4252-9B61-F184B5A351E4}.Debug|x86.ActiveCfg = Debug|Any CPU
		{BE1CD47E-D103-4252-9B61-F184B5A351E4}.Debug|x86.Build.0 = Debug|Any CPU
		{BE1CD47E-D103-4252-9B61-F184B5A351E4}.Release|Any CPU.ActiveCfg = Release|Any CPU
		{BE1CD47E-D103-4252-9B61-F184B5A351E4}.Release|Any CPU.Build.0 = Release|Any CPU
		{BE1CD47E-D103-4252-9B61-F184B5A351E4}.Release|ARM.ActiveCfg = Release|Any CPU
		{BE1CD47E-D103-4252-9B61-F184B5A351E4}.Release|ARM.Build.0 = Release|Any CPU
		{BE1CD47E-D103-4252-9B61-F184B5A351E4}.Release|iPhone.ActiveCfg = Release|Any CPU
		{BE1CD47E-D103-4252-9B61-F184B5A351E4}.Release|iPhone.Build.0 = Release|Any CPU
		{BE1CD47E-D103-4252-9B61-F184B5A351E4}.Release|iPhoneSimulator.ActiveCfg = Release|Any CPU
		{BE1CD47E-D103-4252-9B61-F184B5A351E4}.Release|iPhoneSimulator.Build.0 = Release|Any CPU
		{BE1CD47E-D103-4252-9B61-F184B5A351E4}.Release|x64.ActiveCfg = Release|Any CPU
		{BE1CD47E-D103-4252-9B61-F184B5A351E4}.Release|x64.Build.0 = Release|Any CPU
		{BE1CD47E-D103-4252-9B61-F184B5A351E4}.Release|x86.ActiveCfg = Release|Any CPU
		{BE1CD47E-D103-4252-9B61-F184B5A351E4}.Release|x86.Build.0 = Release|Any CPU
		{7A2E4492-B8AB-4122-8948-1C67F4692E61}.Ad-Hoc|Any CPU.ActiveCfg = Debug|Any CPU
		{7A2E4492-B8AB-4122-8948-1C67F4692E61}.Ad-Hoc|Any CPU.Build.0 = Debug|Any CPU
		{7A2E4492-B8AB-4122-8948-1C67F4692E61}.Ad-Hoc|ARM.ActiveCfg = Debug|Any CPU
		{7A2E4492-B8AB-4122-8948-1C67F4692E61}.Ad-Hoc|ARM.Build.0 = Debug|Any CPU
		{7A2E4492-B8AB-4122-8948-1C67F4692E61}.Ad-Hoc|iPhone.ActiveCfg = Debug|Any CPU
		{7A2E4492-B8AB-4122-8948-1C67F4692E61}.Ad-Hoc|iPhone.Build.0 = Debug|Any CPU
		{7A2E4492-B8AB-4122-8948-1C67F4692E61}.Ad-Hoc|iPhoneSimulator.ActiveCfg = Debug|Any CPU
		{7A2E4492-B8AB-4122-8948-1C67F4692E61}.Ad-Hoc|iPhoneSimulator.Build.0 = Debug|Any CPU
		{7A2E4492-B8AB-4122-8948-1C67F4692E61}.Ad-Hoc|x64.ActiveCfg = Debug|Any CPU
		{7A2E4492-B8AB-4122-8948-1C67F4692E61}.Ad-Hoc|x64.Build.0 = Debug|Any CPU
		{7A2E4492-B8AB-4122-8948-1C67F4692E61}.Ad-Hoc|x86.ActiveCfg = Debug|Any CPU
		{7A2E4492-B8AB-4122-8948-1C67F4692E61}.Ad-Hoc|x86.Build.0 = Debug|Any CPU
		{7A2E4492-B8AB-4122-8948-1C67F4692E61}.AppStore|Any CPU.ActiveCfg = Debug|Any CPU
		{7A2E4492-B8AB-4122-8948-1C67F4692E61}.AppStore|Any CPU.Build.0 = Debug|Any CPU
		{7A2E4492-B8AB-4122-8948-1C67F4692E61}.AppStore|ARM.ActiveCfg = Debug|Any CPU
		{7A2E4492-B8AB-4122-8948-1C67F4692E61}.AppStore|ARM.Build.0 = Debug|Any CPU
		{7A2E4492-B8AB-4122-8948-1C67F4692E61}.AppStore|iPhone.ActiveCfg = Debug|Any CPU
		{7A2E4492-B8AB-4122-8948-1C67F4692E61}.AppStore|iPhone.Build.0 = Debug|Any CPU
		{7A2E4492-B8AB-4122-8948-1C67F4692E61}.AppStore|iPhoneSimulator.ActiveCfg = Debug|Any CPU
		{7A2E4492-B8AB-4122-8948-1C67F4692E61}.AppStore|iPhoneSimulator.Build.0 = Debug|Any CPU
		{7A2E4492-B8AB-4122-8948-1C67F4692E61}.AppStore|x64.ActiveCfg = Debug|Any CPU
		{7A2E4492-B8AB-4122-8948-1C67F4692E61}.AppStore|x64.Build.0 = Debug|Any CPU
		{7A2E4492-B8AB-4122-8948-1C67F4692E61}.AppStore|x86.ActiveCfg = Debug|Any CPU
		{7A2E4492-B8AB-4122-8948-1C67F4692E61}.AppStore|x86.Build.0 = Debug|Any CPU
		{7A2E4492-B8AB-4122-8948-1C67F4692E61}.Debug|Any CPU.ActiveCfg = Debug|Any CPU
		{7A2E4492-B8AB-4122-8948-1C67F4692E61}.Debug|Any CPU.Build.0 = Debug|Any CPU
		{7A2E4492-B8AB-4122-8948-1C67F4692E61}.Debug|ARM.ActiveCfg = Debug|Any CPU
		{7A2E4492-B8AB-4122-8948-1C67F4692E61}.Debug|ARM.Build.0 = Debug|Any CPU
		{7A2E4492-B8AB-4122-8948-1C67F4692E61}.Debug|iPhone.ActiveCfg = Debug|Any CPU
		{7A2E4492-B8AB-4122-8948-1C67F4692E61}.Debug|iPhone.Build.0 = Debug|Any CPU
		{7A2E4492-B8AB-4122-8948-1C67F4692E61}.Debug|iPhoneSimulator.ActiveCfg = Debug|Any CPU
		{7A2E4492-B8AB-4122-8948-1C67F4692E61}.Debug|iPhoneSimulator.Build.0 = Debug|Any CPU
		{7A2E4492-B8AB-4122-8948-1C67F4692E61}.Debug|x64.ActiveCfg = Debug|Any CPU
		{7A2E4492-B8AB-4122-8948-1C67F4692E61}.Debug|x64.Build.0 = Debug|Any CPU
		{7A2E4492-B8AB-4122-8948-1C67F4692E61}.Debug|x86.ActiveCfg = Debug|Any CPU
		{7A2E4492-B8AB-4122-8948-1C67F4692E61}.Debug|x86.Build.0 = Debug|Any CPU
		{7A2E4492-B8AB-4122-8948-1C67F4692E61}.Release|Any CPU.ActiveCfg = Release|Any CPU
		{7A2E4492-B8AB-4122-8948-1C67F4692E61}.Release|Any CPU.Build.0 = Release|Any CPU
		{7A2E4492-B8AB-4122-8948-1C67F4692E61}.Release|ARM.ActiveCfg = Release|Any CPU
		{7A2E4492-B8AB-4122-8948-1C67F4692E61}.Release|ARM.Build.0 = Release|Any CPU
		{7A2E4492-B8AB-4122-8948-1C67F4692E61}.Release|iPhone.ActiveCfg = Release|Any CPU
		{7A2E4492-B8AB-4122-8948-1C67F4692E61}.Release|iPhone.Build.0 = Release|Any CPU
		{7A2E4492-B8AB-4122-8948-1C67F4692E61}.Release|iPhoneSimulator.ActiveCfg = Release|Any CPU
		{7A2E4492-B8AB-4122-8948-1C67F4692E61}.Release|iPhoneSimulator.Build.0 = Release|Any CPU
		{7A2E4492-B8AB-4122-8948-1C67F4692E61}.Release|x64.ActiveCfg = Release|Any CPU
		{7A2E4492-B8AB-4122-8948-1C67F4692E61}.Release|x64.Build.0 = Release|Any CPU
		{7A2E4492-B8AB-4122-8948-1C67F4692E61}.Release|x86.ActiveCfg = Release|Any CPU
		{7A2E4492-B8AB-4122-8948-1C67F4692E61}.Release|x86.Build.0 = Release|Any CPU
		{3086B5CD-6DCE-4C21-9EE0-397906205D4E}.Ad-Hoc|Any CPU.ActiveCfg = Release|Any CPU
		{3086B5CD-6DCE-4C21-9EE0-397906205D4E}.Ad-Hoc|Any CPU.Build.0 = Release|Any CPU
		{3086B5CD-6DCE-4C21-9EE0-397906205D4E}.Ad-Hoc|ARM.ActiveCfg = Release|Any CPU
		{3086B5CD-6DCE-4C21-9EE0-397906205D4E}.Ad-Hoc|ARM.Build.0 = Release|Any CPU
		{3086B5CD-6DCE-4C21-9EE0-397906205D4E}.Ad-Hoc|iPhone.ActiveCfg = Release|Any CPU
		{3086B5CD-6DCE-4C21-9EE0-397906205D4E}.Ad-Hoc|iPhone.Build.0 = Release|Any CPU
		{3086B5CD-6DCE-4C21-9EE0-397906205D4E}.Ad-Hoc|iPhoneSimulator.ActiveCfg = Release|Any CPU
		{3086B5CD-6DCE-4C21-9EE0-397906205D4E}.Ad-Hoc|iPhoneSimulator.Build.0 = Release|Any CPU
		{3086B5CD-6DCE-4C21-9EE0-397906205D4E}.Ad-Hoc|x64.ActiveCfg = Release|Any CPU
		{3086B5CD-6DCE-4C21-9EE0-397906205D4E}.Ad-Hoc|x64.Build.0 = Release|Any CPU
		{3086B5CD-6DCE-4C21-9EE0-397906205D4E}.Ad-Hoc|x86.ActiveCfg = Release|Any CPU
		{3086B5CD-6DCE-4C21-9EE0-397906205D4E}.Ad-Hoc|x86.Build.0 = Release|Any CPU
		{3086B5CD-6DCE-4C21-9EE0-397906205D4E}.AppStore|Any CPU.ActiveCfg = Release|Any CPU
		{3086B5CD-6DCE-4C21-9EE0-397906205D4E}.AppStore|Any CPU.Build.0 = Release|Any CPU
		{3086B5CD-6DCE-4C21-9EE0-397906205D4E}.AppStore|ARM.ActiveCfg = Release|Any CPU
		{3086B5CD-6DCE-4C21-9EE0-397906205D4E}.AppStore|ARM.Build.0 = Release|Any CPU
		{3086B5CD-6DCE-4C21-9EE0-397906205D4E}.AppStore|iPhone.ActiveCfg = Release|Any CPU
		{3086B5CD-6DCE-4C21-9EE0-397906205D4E}.AppStore|iPhone.Build.0 = Release|Any CPU
		{3086B5CD-6DCE-4C21-9EE0-397906205D4E}.AppStore|iPhoneSimulator.ActiveCfg = Release|Any CPU
		{3086B5CD-6DCE-4C21-9EE0-397906205D4E}.AppStore|iPhoneSimulator.Build.0 = Release|Any CPU
		{3086B5CD-6DCE-4C21-9EE0-397906205D4E}.AppStore|x64.ActiveCfg = Release|Any CPU
		{3086B5CD-6DCE-4C21-9EE0-397906205D4E}.AppStore|x64.Build.0 = Release|Any CPU
		{3086B5CD-6DCE-4C21-9EE0-397906205D4E}.AppStore|x86.ActiveCfg = Release|Any CPU
		{3086B5CD-6DCE-4C21-9EE0-397906205D4E}.AppStore|x86.Build.0 = Release|Any CPU
		{3086B5CD-6DCE-4C21-9EE0-397906205D4E}.Debug|Any CPU.ActiveCfg = Debug|Any CPU
		{3086B5CD-6DCE-4C21-9EE0-397906205D4E}.Debug|Any CPU.Build.0 = Debug|Any CPU
		{3086B5CD-6DCE-4C21-9EE0-397906205D4E}.Debug|ARM.ActiveCfg = Debug|Any CPU
		{3086B5CD-6DCE-4C21-9EE0-397906205D4E}.Debug|ARM.Build.0 = Debug|Any CPU
		{3086B5CD-6DCE-4C21-9EE0-397906205D4E}.Debug|iPhone.ActiveCfg = Debug|Any CPU
		{3086B5CD-6DCE-4C21-9EE0-397906205D4E}.Debug|iPhone.Build.0 = Debug|Any CPU
		{3086B5CD-6DCE-4C21-9EE0-397906205D4E}.Debug|iPhoneSimulator.ActiveCfg = Debug|Any CPU
		{3086B5CD-6DCE-4C21-9EE0-397906205D4E}.Debug|iPhoneSimulator.Build.0 = Debug|Any CPU
		{3086B5CD-6DCE-4C21-9EE0-397906205D4E}.Debug|x64.ActiveCfg = Debug|Any CPU
		{3086B5CD-6DCE-4C21-9EE0-397906205D4E}.Debug|x64.Build.0 = Debug|Any CPU
		{3086B5CD-6DCE-4C21-9EE0-397906205D4E}.Debug|x86.ActiveCfg = Debug|Any CPU
		{3086B5CD-6DCE-4C21-9EE0-397906205D4E}.Debug|x86.Build.0 = Debug|Any CPU
		{3086B5CD-6DCE-4C21-9EE0-397906205D4E}.Release|Any CPU.ActiveCfg = Release|Any CPU
		{3086B5CD-6DCE-4C21-9EE0-397906205D4E}.Release|Any CPU.Build.0 = Release|Any CPU
		{3086B5CD-6DCE-4C21-9EE0-397906205D4E}.Release|ARM.ActiveCfg = Release|Any CPU
		{3086B5CD-6DCE-4C21-9EE0-397906205D4E}.Release|ARM.Build.0 = Release|Any CPU
		{3086B5CD-6DCE-4C21-9EE0-397906205D4E}.Release|iPhone.ActiveCfg = Release|Any CPU
		{3086B5CD-6DCE-4C21-9EE0-397906205D4E}.Release|iPhone.Build.0 = Release|Any CPU
		{3086B5CD-6DCE-4C21-9EE0-397906205D4E}.Release|iPhoneSimulator.ActiveCfg = Release|Any CPU
		{3086B5CD-6DCE-4C21-9EE0-397906205D4E}.Release|iPhoneSimulator.Build.0 = Release|Any CPU
		{3086B5CD-6DCE-4C21-9EE0-397906205D4E}.Release|x64.ActiveCfg = Release|Any CPU
		{3086B5CD-6DCE-4C21-9EE0-397906205D4E}.Release|x64.Build.0 = Release|Any CPU
		{3086B5CD-6DCE-4C21-9EE0-397906205D4E}.Release|x86.ActiveCfg = Release|Any CPU
		{3086B5CD-6DCE-4C21-9EE0-397906205D4E}.Release|x86.Build.0 = Release|Any CPU
		{DA4F99A9-69E4-48F1-8850-5298F7762AB9}.Ad-Hoc|Any CPU.ActiveCfg = Release|Any CPU
		{DA4F99A9-69E4-48F1-8850-5298F7762AB9}.Ad-Hoc|Any CPU.Build.0 = Release|Any CPU
		{DA4F99A9-69E4-48F1-8850-5298F7762AB9}.Ad-Hoc|ARM.ActiveCfg = Release|Any CPU
		{DA4F99A9-69E4-48F1-8850-5298F7762AB9}.Ad-Hoc|ARM.Build.0 = Release|Any CPU
		{DA4F99A9-69E4-48F1-8850-5298F7762AB9}.Ad-Hoc|iPhone.ActiveCfg = Release|Any CPU
		{DA4F99A9-69E4-48F1-8850-5298F7762AB9}.Ad-Hoc|iPhone.Build.0 = Release|Any CPU
		{DA4F99A9-69E4-48F1-8850-5298F7762AB9}.Ad-Hoc|iPhoneSimulator.ActiveCfg = Release|Any CPU
		{DA4F99A9-69E4-48F1-8850-5298F7762AB9}.Ad-Hoc|iPhoneSimulator.Build.0 = Release|Any CPU
		{DA4F99A9-69E4-48F1-8850-5298F7762AB9}.Ad-Hoc|x64.ActiveCfg = Release|Any CPU
		{DA4F99A9-69E4-48F1-8850-5298F7762AB9}.Ad-Hoc|x64.Build.0 = Release|Any CPU
		{DA4F99A9-69E4-48F1-8850-5298F7762AB9}.Ad-Hoc|x86.ActiveCfg = Release|Any CPU
		{DA4F99A9-69E4-48F1-8850-5298F7762AB9}.Ad-Hoc|x86.Build.0 = Release|Any CPU
		{DA4F99A9-69E4-48F1-8850-5298F7762AB9}.AppStore|Any CPU.ActiveCfg = Release|Any CPU
		{DA4F99A9-69E4-48F1-8850-5298F7762AB9}.AppStore|Any CPU.Build.0 = Release|Any CPU
		{DA4F99A9-69E4-48F1-8850-5298F7762AB9}.AppStore|ARM.ActiveCfg = Release|Any CPU
		{DA4F99A9-69E4-48F1-8850-5298F7762AB9}.AppStore|ARM.Build.0 = Release|Any CPU
		{DA4F99A9-69E4-48F1-8850-5298F7762AB9}.AppStore|iPhone.ActiveCfg = Release|Any CPU
		{DA4F99A9-69E4-48F1-8850-5298F7762AB9}.AppStore|iPhone.Build.0 = Release|Any CPU
		{DA4F99A9-69E4-48F1-8850-5298F7762AB9}.AppStore|iPhoneSimulator.ActiveCfg = Release|Any CPU
		{DA4F99A9-69E4-48F1-8850-5298F7762AB9}.AppStore|iPhoneSimulator.Build.0 = Release|Any CPU
		{DA4F99A9-69E4-48F1-8850-5298F7762AB9}.AppStore|x64.ActiveCfg = Release|Any CPU
		{DA4F99A9-69E4-48F1-8850-5298F7762AB9}.AppStore|x64.Build.0 = Release|Any CPU
		{DA4F99A9-69E4-48F1-8850-5298F7762AB9}.AppStore|x86.ActiveCfg = Release|Any CPU
		{DA4F99A9-69E4-48F1-8850-5298F7762AB9}.AppStore|x86.Build.0 = Release|Any CPU
		{DA4F99A9-69E4-48F1-8850-5298F7762AB9}.Debug|Any CPU.ActiveCfg = Debug|Any CPU
		{DA4F99A9-69E4-48F1-8850-5298F7762AB9}.Debug|Any CPU.Build.0 = Debug|Any CPU
		{DA4F99A9-69E4-48F1-8850-5298F7762AB9}.Debug|ARM.ActiveCfg = Debug|Any CPU
		{DA4F99A9-69E4-48F1-8850-5298F7762AB9}.Debug|ARM.Build.0 = Debug|Any CPU
		{DA4F99A9-69E4-48F1-8850-5298F7762AB9}.Debug|iPhone.ActiveCfg = Debug|Any CPU
		{DA4F99A9-69E4-48F1-8850-5298F7762AB9}.Debug|iPhone.Build.0 = Debug|Any CPU
		{DA4F99A9-69E4-48F1-8850-5298F7762AB9}.Debug|iPhoneSimulator.ActiveCfg = Debug|Any CPU
		{DA4F99A9-69E4-48F1-8850-5298F7762AB9}.Debug|iPhoneSimulator.Build.0 = Debug|Any CPU
		{DA4F99A9-69E4-48F1-8850-5298F7762AB9}.Debug|x64.ActiveCfg = Debug|Any CPU
		{DA4F99A9-69E4-48F1-8850-5298F7762AB9}.Debug|x64.Build.0 = Debug|Any CPU
		{DA4F99A9-69E4-48F1-8850-5298F7762AB9}.Debug|x86.ActiveCfg = Debug|Any CPU
		{DA4F99A9-69E4-48F1-8850-5298F7762AB9}.Debug|x86.Build.0 = Debug|Any CPU
		{DA4F99A9-69E4-48F1-8850-5298F7762AB9}.Release|Any CPU.ActiveCfg = Release|Any CPU
		{DA4F99A9-69E4-48F1-8850-5298F7762AB9}.Release|Any CPU.Build.0 = Release|Any CPU
		{DA4F99A9-69E4-48F1-8850-5298F7762AB9}.Release|ARM.ActiveCfg = Release|Any CPU
		{DA4F99A9-69E4-48F1-8850-5298F7762AB9}.Release|ARM.Build.0 = Release|Any CPU
		{DA4F99A9-69E4-48F1-8850-5298F7762AB9}.Release|iPhone.ActiveCfg = Release|Any CPU
		{DA4F99A9-69E4-48F1-8850-5298F7762AB9}.Release|iPhone.Build.0 = Release|Any CPU
		{DA4F99A9-69E4-48F1-8850-5298F7762AB9}.Release|iPhoneSimulator.ActiveCfg = Release|Any CPU
		{DA4F99A9-69E4-48F1-8850-5298F7762AB9}.Release|iPhoneSimulator.Build.0 = Release|Any CPU
		{DA4F99A9-69E4-48F1-8850-5298F7762AB9}.Release|x64.ActiveCfg = Release|Any CPU
		{DA4F99A9-69E4-48F1-8850-5298F7762AB9}.Release|x64.Build.0 = Release|Any CPU
		{DA4F99A9-69E4-48F1-8850-5298F7762AB9}.Release|x86.ActiveCfg = Release|Any CPU
		{DA4F99A9-69E4-48F1-8850-5298F7762AB9}.Release|x86.Build.0 = Release|Any CPU
		{4EF33042-BFDC-4507-9FCD-15621E572E7F}.Ad-Hoc|Any CPU.ActiveCfg = Release|Any CPU
		{4EF33042-BFDC-4507-9FCD-15621E572E7F}.Ad-Hoc|Any CPU.Build.0 = Release|Any CPU
		{4EF33042-BFDC-4507-9FCD-15621E572E7F}.Ad-Hoc|ARM.ActiveCfg = Release|Any CPU
		{4EF33042-BFDC-4507-9FCD-15621E572E7F}.Ad-Hoc|ARM.Build.0 = Release|Any CPU
		{4EF33042-BFDC-4507-9FCD-15621E572E7F}.Ad-Hoc|iPhone.ActiveCfg = Release|Any CPU
		{4EF33042-BFDC-4507-9FCD-15621E572E7F}.Ad-Hoc|iPhone.Build.0 = Release|Any CPU
		{4EF33042-BFDC-4507-9FCD-15621E572E7F}.Ad-Hoc|iPhoneSimulator.ActiveCfg = Release|Any CPU
		{4EF33042-BFDC-4507-9FCD-15621E572E7F}.Ad-Hoc|iPhoneSimulator.Build.0 = Release|Any CPU
		{4EF33042-BFDC-4507-9FCD-15621E572E7F}.Ad-Hoc|x64.ActiveCfg = Release|Any CPU
		{4EF33042-BFDC-4507-9FCD-15621E572E7F}.Ad-Hoc|x64.Build.0 = Release|Any CPU
		{4EF33042-BFDC-4507-9FCD-15621E572E7F}.Ad-Hoc|x86.ActiveCfg = Release|Any CPU
		{4EF33042-BFDC-4507-9FCD-15621E572E7F}.Ad-Hoc|x86.Build.0 = Release|Any CPU
		{4EF33042-BFDC-4507-9FCD-15621E572E7F}.AppStore|Any CPU.ActiveCfg = Release|Any CPU
		{4EF33042-BFDC-4507-9FCD-15621E572E7F}.AppStore|Any CPU.Build.0 = Release|Any CPU
		{4EF33042-BFDC-4507-9FCD-15621E572E7F}.AppStore|ARM.ActiveCfg = Release|Any CPU
		{4EF33042-BFDC-4507-9FCD-15621E572E7F}.AppStore|ARM.Build.0 = Release|Any CPU
		{4EF33042-BFDC-4507-9FCD-15621E572E7F}.AppStore|iPhone.ActiveCfg = Release|Any CPU
		{4EF33042-BFDC-4507-9FCD-15621E572E7F}.AppStore|iPhone.Build.0 = Release|Any CPU
		{4EF33042-BFDC-4507-9FCD-15621E572E7F}.AppStore|iPhoneSimulator.ActiveCfg = Release|Any CPU
		{4EF33042-BFDC-4507-9FCD-15621E572E7F}.AppStore|iPhoneSimulator.Build.0 = Release|Any CPU
		{4EF33042-BFDC-4507-9FCD-15621E572E7F}.AppStore|x64.ActiveCfg = Release|Any CPU
		{4EF33042-BFDC-4507-9FCD-15621E572E7F}.AppStore|x64.Build.0 = Release|Any CPU
		{4EF33042-BFDC-4507-9FCD-15621E572E7F}.AppStore|x86.ActiveCfg = Release|Any CPU
		{4EF33042-BFDC-4507-9FCD-15621E572E7F}.AppStore|x86.Build.0 = Release|Any CPU
		{4EF33042-BFDC-4507-9FCD-15621E572E7F}.Debug|Any CPU.ActiveCfg = Debug|Any CPU
		{4EF33042-BFDC-4507-9FCD-15621E572E7F}.Debug|Any CPU.Build.0 = Debug|Any CPU
		{4EF33042-BFDC-4507-9FCD-15621E572E7F}.Debug|ARM.ActiveCfg = Debug|Any CPU
		{4EF33042-BFDC-4507-9FCD-15621E572E7F}.Debug|ARM.Build.0 = Debug|Any CPU
		{4EF33042-BFDC-4507-9FCD-15621E572E7F}.Debug|iPhone.ActiveCfg = Debug|Any CPU
		{4EF33042-BFDC-4507-9FCD-15621E572E7F}.Debug|iPhone.Build.0 = Debug|Any CPU
		{4EF33042-BFDC-4507-9FCD-15621E572E7F}.Debug|iPhoneSimulator.ActiveCfg = Debug|Any CPU
		{4EF33042-BFDC-4507-9FCD-15621E572E7F}.Debug|iPhoneSimulator.Build.0 = Debug|Any CPU
		{4EF33042-BFDC-4507-9FCD-15621E572E7F}.Debug|x64.ActiveCfg = Debug|Any CPU
		{4EF33042-BFDC-4507-9FCD-15621E572E7F}.Debug|x64.Build.0 = Debug|Any CPU
		{4EF33042-BFDC-4507-9FCD-15621E572E7F}.Debug|x86.ActiveCfg = Debug|Any CPU
		{4EF33042-BFDC-4507-9FCD-15621E572E7F}.Debug|x86.Build.0 = Debug|Any CPU
		{4EF33042-BFDC-4507-9FCD-15621E572E7F}.Release|Any CPU.ActiveCfg = Release|Any CPU
		{4EF33042-BFDC-4507-9FCD-15621E572E7F}.Release|Any CPU.Build.0 = Release|Any CPU
		{4EF33042-BFDC-4507-9FCD-15621E572E7F}.Release|ARM.ActiveCfg = Release|Any CPU
		{4EF33042-BFDC-4507-9FCD-15621E572E7F}.Release|ARM.Build.0 = Release|Any CPU
		{4EF33042-BFDC-4507-9FCD-15621E572E7F}.Release|iPhone.ActiveCfg = Release|Any CPU
		{4EF33042-BFDC-4507-9FCD-15621E572E7F}.Release|iPhone.Build.0 = Release|Any CPU
		{4EF33042-BFDC-4507-9FCD-15621E572E7F}.Release|iPhoneSimulator.ActiveCfg = Release|Any CPU
		{4EF33042-BFDC-4507-9FCD-15621E572E7F}.Release|iPhoneSimulator.Build.0 = Release|Any CPU
		{4EF33042-BFDC-4507-9FCD-15621E572E7F}.Release|x64.ActiveCfg = Release|Any CPU
		{4EF33042-BFDC-4507-9FCD-15621E572E7F}.Release|x64.Build.0 = Release|Any CPU
		{4EF33042-BFDC-4507-9FCD-15621E572E7F}.Release|x86.ActiveCfg = Release|Any CPU
		{4EF33042-BFDC-4507-9FCD-15621E572E7F}.Release|x86.Build.0 = Release|Any CPU
	EndGlobalSection
	GlobalSection(SolutionProperties) = preSolution
		HideSolutionNode = FALSE
	EndGlobalSection
	GlobalSection(NestedProjects) = preSolution
		{DAD5A0DD-9BF7-4EA2-AC5A-BB47EA566B44} = {2E4B15D2-38FE-45C5-9C0D-6ACCD536C480}
		{BE1CD47E-D103-4252-9B61-F184B5A351E4} = {454B6CC4-4850-4F51-8BF1-DA5806D7D151}
		{7A2E4492-B8AB-4122-8948-1C67F4692E61} = {454B6CC4-4850-4F51-8BF1-DA5806D7D151}
		{3086B5CD-6DCE-4C21-9EE0-397906205D4E} = {D1E3BB4F-F610-4687-9D6A-B60F167BB8DE}
		{DA4F99A9-69E4-48F1-8850-5298F7762AB9} = {D1E3BB4F-F610-4687-9D6A-B60F167BB8DE}
		{4EF33042-BFDC-4507-9FCD-15621E572E7F} = {D1E3BB4F-F610-4687-9D6A-B60F167BB8DE}
	EndGlobalSection
	GlobalSection(ExtensibilityGlobals) = postSolution
		SolutionGuid = {966188CC-4E87-4738-A75A-CA91BC0E95D3}
	EndGlobalSection
EndGlobal
