
Microsoft Visual Studio Solution File, Format Version 12.00
# Visual Studio 15
VisualStudioVersion = 15.0.27130.2024
MinimumVisualStudioVersion = 10.0.40219.1
Project("{FAE04EC0-301F-11D3-BF4B-00C04F79EFBC}") = "SignalGoTest", "SignalGoTest\SignalGoTest.csproj", "{5CBA208E-3764-411B-A0BA-70547576E80E}"
EndProject
Project("{9A19103F-16F7-4668-BE54-9A1E7A4F7556}") = "SignalGo.Client", "..\..\..\SignalGo\Github\SignalGo-full-net\SignalGo.Client\SignalGo.Client.csproj", "{DA4F99A9-69E4-48F1-8850-5298F7762AB9}"
EndProject
Project("{9A19103F-16F7-4668-BE54-9A1E7A4F7556}") = "SignalGo.Shared", "..\..\..\SignalGo\Github\SignalGo-full-net\SignalGo.Shared\SignalGo.Shared.csproj", "{4E92C831-0E21-4479-AE3E-7A8F0D9A2BBA}"
EndProject
Global
	GlobalSection(SolutionConfigurationPlatforms) = preSolution
		ClientDebug|Any CPU = ClientDebug|Any CPU
		ClientSecurityDebug|Any CPU = ClientSecurityDebug|Any CPU
		Debug|Any CPU = Debug|Any CPU
		Release|Any CPU = Release|Any CPU
		SecurityDebug|Any CPU = SecurityDebug|Any CPU
	EndGlobalSection
	GlobalSection(ProjectConfigurationPlatforms) = postSolution
		{5CBA208E-3764-411B-A0BA-70547576E80E}.ClientDebug|Any CPU.ActiveCfg = Debug|Any CPU
		{5CBA208E-3764-411B-A0BA-70547576E80E}.ClientDebug|Any CPU.Build.0 = Debug|Any CPU
		{5CBA208E-3764-411B-A0BA-70547576E80E}.ClientSecurityDebug|Any CPU.ActiveCfg = Debug|Any CPU
		{5CBA208E-3764-411B-A0BA-70547576E80E}.ClientSecurityDebug|Any CPU.Build.0 = Debug|Any CPU
		{5CBA208E-3764-411B-A0BA-70547576E80E}.Debug|Any CPU.ActiveCfg = Debug|Any CPU
		{5CBA208E-3764-411B-A0BA-70547576E80E}.Debug|Any CPU.Build.0 = Debug|Any CPU
		{5CBA208E-3764-411B-A0BA-70547576E80E}.Release|Any CPU.ActiveCfg = Release|Any CPU
		{5CBA208E-3764-411B-A0BA-70547576E80E}.Release|Any CPU.Build.0 = Release|Any CPU
		{5CBA208E-3764-411B-A0BA-70547576E80E}.SecurityDebug|Any CPU.ActiveCfg = Debug|Any CPU
		{5CBA208E-3764-411B-A0BA-70547576E80E}.SecurityDebug|Any CPU.Build.0 = Debug|Any CPU
		{DA4F99A9-69E4-48F1-8850-5298F7762AB9}.ClientDebug|Any CPU.ActiveCfg = Debug|Any CPU
		{DA4F99A9-69E4-48F1-8850-5298F7762AB9}.ClientDebug|Any CPU.Build.0 = Debug|Any CPU
		{DA4F99A9-69E4-48F1-8850-5298F7762AB9}.ClientSecurityDebug|Any CPU.ActiveCfg = Debug|Any CPU
		{DA4F99A9-69E4-48F1-8850-5298F7762AB9}.ClientSecurityDebug|Any CPU.Build.0 = Debug|Any CPU
		{DA4F99A9-69E4-48F1-8850-5298F7762AB9}.Debug|Any CPU.ActiveCfg = Debug|Any CPU
		{DA4F99A9-69E4-48F1-8850-5298F7762AB9}.Debug|Any CPU.Build.0 = Debug|Any CPU
		{DA4F99A9-69E4-48F1-8850-5298F7762AB9}.Release|Any CPU.ActiveCfg = Release|Any CPU
		{DA4F99A9-69E4-48F1-8850-5298F7762AB9}.Release|Any CPU.Build.0 = Release|Any CPU
		{DA4F99A9-69E4-48F1-8850-5298F7762AB9}.SecurityDebug|Any CPU.ActiveCfg = Debug|Any CPU
		{DA4F99A9-69E4-48F1-8850-5298F7762AB9}.SecurityDebug|Any CPU.Build.0 = Debug|Any CPU
		{4E92C831-0E21-4479-AE3E-7A8F0D9A2BBA}.ClientDebug|Any CPU.ActiveCfg = Debug|Any CPU
		{4E92C831-0E21-4479-AE3E-7A8F0D9A2BBA}.ClientDebug|Any CPU.Build.0 = Debug|Any CPU
		{4E92C831-0E21-4479-AE3E-7A8F0D9A2BBA}.ClientSecurityDebug|Any CPU.ActiveCfg = Debug|Any CPU
		{4E92C831-0E21-4479-AE3E-7A8F0D9A2BBA}.ClientSecurityDebug|Any CPU.Build.0 = Debug|Any CPU
		{4E92C831-0E21-4479-AE3E-7A8F0D9A2BBA}.Debug|Any CPU.ActiveCfg = Debug|Any CPU
		{4E92C831-0E21-4479-AE3E-7A8F0D9A2BBA}.Debug|Any CPU.Build.0 = Debug|Any CPU
		{4E92C831-0E21-4479-AE3E-7A8F0D9A2BBA}.Release|Any CPU.ActiveCfg = Release|Any CPU
		{4E92C831-0E21-4479-AE3E-7A8F0D9A2BBA}.Release|Any CPU.Build.0 = Release|Any CPU
		{4E92C831-0E21-4479-AE3E-7A8F0D9A2BBA}.SecurityDebug|Any CPU.ActiveCfg = Debug|Any CPU
		{4E92C831-0E21-4479-AE3E-7A8F0D9A2BBA}.SecurityDebug|Any CPU.Build.0 = Debug|Any CPU
	EndGlobalSection
	GlobalSection(SolutionProperties) = preSolution
		HideSolutionNode = FALSE
	EndGlobalSection
	GlobalSection(ExtensibilityGlobals) = postSolution
		SolutionGuid = {0E8589A6-080E-4F53-8207-175359CC0A2A}
	EndGlobalSection
EndGlobal
